
Microsoft Visual Studio Solution File, Format Version 10.00
# Visual Studio 2008
Project("{8BC9CEB8-8B4A-11D0-8D11-00A0C91BC942}") = "sdlc", "sdlc.vcproj", "{13DEA244-2A95-4886-B42B-05C93EAD3A08}"
EndProject
Global
	GlobalSection(SolutionConfigurationPlatforms) = preSolution
		Debug|Win32 = Debug|Win32
	EndGlobalSection
	GlobalSection(ProjectConfigurationPlatforms) = postSolution
		{13DEA244-2A95-4886-B42B-05C93EAD3A08}.Debug|Win32.ActiveCfg = Debug|Win32
		{13DEA244-2A95-4886-B42B-05C93EAD3A08}.Debug|Win32.Build.0 = Debug|Win32
	EndGlobalSection
	GlobalSection(SolutionProperties) = preSolution
		HideSolutionNode = FALSE
	EndGlobalSection
EndGlobal
